
Microsoft Visual Studio Solution File, Format Version 12.00
# Visual Studio Version 17
VisualStudioVersion = 17.14.36518.9
MinimumVisualStudioVersion = 10.0.40219.1
Project("{FAE04EC0-301F-11D3-BF4B-00C04F79EFBC}") = "F4BMS StreamDeck", "F4BMS StreamDeck.csproj", "{4635D874-69C0-4010-BE46-77EF92EB1553}"
EndProject
Project("{FAE04EC0-301F-11D3-BF4B-00C04F79EFBC}") = "F4SharedMem", "..\F4SharedMem\F4SharedMem.csproj", "{517D1B4D-E8C7-4331-BBE7-300FD6B78441}"
EndProject
Project("{FAE04EC0-301F-11D3-BF4B-00C04F79EFBC}") = "Streamdeck-vJoy", "..\Streamdeck-vJoy\Streamdeck-vJoy.csproj", "{A023C19E-78F6-41C0-AB65-9D028EE72A76}"
EndProject
Global
	GlobalSection(SolutionConfigurationPlatforms) = preSolution
		Debug|Any CPU = Debug|Any CPU
		Release|Any CPU = Release|Any CPU
	EndGlobalSection
	GlobalSection(ProjectConfigurationPlatforms) = postSolution
		{4635D874-69C0-4010-BE46-77EF92EB1553}.Debug|Any CPU.ActiveCfg = Debug|Any CPU
		{4635D874-69C0-4010-BE46-77EF92EB1553}.Debug|Any CPU.Build.0 = Debug|Any CPU
		{4635D874-69C0-4010-BE46-77EF92EB1553}.Release|Any CPU.ActiveCfg = Release|Any CPU
		{4635D874-69C0-4010-BE46-77EF92EB1553}.Release|Any CPU.Build.0 = Release|Any CPU
		{517D1B4D-E8C7-4331-BBE7-300FD6B78441}.Debug|Any CPU.ActiveCfg = Debug|x86
		{517D1B4D-E8C7-4331-BBE7-300FD6B78441}.Debug|Any CPU.Build.0 = Debug|x86
		{517D1B4D-E8C7-4331-BBE7-300FD6B78441}.Release|Any CPU.ActiveCfg = Release|x86
		{517D1B4D-E8C7-4331-BBE7-300FD6B78441}.Release|Any CPU.Build.0 = Release|x86
		{A023C19E-78F6-41C0-AB65-9D028EE72A76}.Debug|Any CPU.ActiveCfg = Debug|Any CPU
		{A023C19E-78F6-41C0-AB65-9D028EE72A76}.Debug|Any CPU.Build.0 = Debug|Any CPU
		{A023C19E-78F6-41C0-AB65-9D028EE72A76}.Release|Any CPU.ActiveCfg = Release|Any CPU
		{A023C19E-78F6-41C0-AB65-9D028EE72A76}.Release|Any CPU.Build.0 = Release|Any CPU
	EndGlobalSection
	GlobalSection(SolutionProperties) = preSolution
		HideSolutionNode = FALSE
	EndGlobalSection
	GlobalSection(ExtensibilityGlobals) = postSolution
		SolutionGuid = {CE9F2B8E-C6E9-4274-8330-F4364FA8B389}
	EndGlobalSection
EndGlobal
